
Microsoft Visual Studio Solution File, Format Version 12.00
# Visual Studio Version 17
VisualStudioVersion = 17.5.002.0
MinimumVisualStudioVersion = 10.0.40219.1
Project("{9A19103F-16F7-4668-BE54-9A1E7A4F7556}") = "ausemartweb", "ausemartweb.csproj", "{547811DE-C977-4310-BE3A-34DC2D30128F}"
EndProject
Global
	GlobalSection(SolutionConfigurationPlatforms) = preSolution
		Debug|Any CPU = Debug|Any CPU
		Release|Any CPU = Release|Any CPU
	EndGlobalSection
	GlobalSection(ProjectConfigurationPlatforms) = postSolution
		{547811DE-C977-4310-BE3A-34DC2D30128F}.Debug|Any CPU.ActiveCfg = Debug|Any CPU
		{547811DE-C977-4310-BE3A-34DC2D30128F}.Debug|Any CPU.Build.0 = Debug|Any CPU
		{547811DE-C977-4310-BE3A-34DC2D30128F}.Release|Any CPU.ActiveCfg = Release|Any CPU
		{547811DE-C977-4310-BE3A-34DC2D30128F}.Release|Any CPU.Build.0 = Release|Any CPU
	EndGlobalSection
	GlobalSection(SolutionProperties) = preSolution
		HideSolutionNode = FALSE
	EndGlobalSection
	GlobalSection(ExtensibilityGlobals) = postSolution
		SolutionGuid = {7F23AB7E-D037-4B0E-971D-69022BE04FB7}
	EndGlobalSection
EndGlobal
